// !$*UTF8*$!
{
	archiveVersion = 1;
	classes = {
	};
	objectVersion = 56;
	objects = {

/* Begin PBXBuildFile section */
		5806EC722A7CDBF7005C7129 /* TrackerCoreData.swift in Sources */ = {isa = PBXBuildFile; fileRef = 58BDF80C2A7CD89A00590A6C /* TrackerCoreData.swift */; };
		5806EC732A7CDBF9005C7129 /* TrackerCategoryCoreData.swift in Sources */ = {isa = PBXBuildFile; fileRef = 58BDF80B2A7CD89A00590A6C /* TrackerCategoryCoreData.swift */; };
		5806EC742A7CDBFC005C7129 /* TrackerRecordCoreData.swift in Sources */ = {isa = PBXBuildFile; fileRef = 58BDF80D2A7CD89A00590A6C /* TrackerRecordCoreData.swift */; };
		582B103F2A7B8EEB0055D0DE /* PersistentContainterCreater.swift in Sources */ = {isa = PBXBuildFile; fileRef = 582B103E2A7B8EEB0055D0DE /* PersistentContainterCreater.swift */; };
		582B10432A7B97AE0055D0DE /* Model.xcdatamodeld in Sources */ = {isa = PBXBuildFile; fileRef = 582B10412A7B97AE0055D0DE /* Model.xcdatamodeld */; };
		582B10452A7BC4420055D0DE /* TrackerDataStore.swift in Sources */ = {isa = PBXBuildFile; fileRef = 582B10442A7BC4420055D0DE /* TrackerDataStore.swift */; };
		582B10472A7BC44E0055D0DE /* TrackerCategoryDataStore.swift in Sources */ = {isa = PBXBuildFile; fileRef = 582B10462A7BC44E0055D0DE /* TrackerCategoryDataStore.swift */; };
		582B10492A7BC4590055D0DE /* TrackerRecordDataStore.swift in Sources */ = {isa = PBXBuildFile; fileRef = 582B10482A7BC4590055D0DE /* TrackerRecordDataStore.swift */; };
		582B104C2A7BDF130055D0DE /* UIColorMarshalling.swift in Sources */ = {isa = PBXBuildFile; fileRef = 582B104B2A7BDF130055D0DE /* UIColorMarshalling.swift */; };
		582B104E2A7BDF250055D0DE /* ScheduleMarshalling.swift in Sources */ = {isa = PBXBuildFile; fileRef = 582B104D2A7BDF250055D0DE /* ScheduleMarshalling.swift */; };
		582B10502A7C1E7E0055D0DE /* DataProvider.swift in Sources */ = {isa = PBXBuildFile; fileRef = 582B104F2A7C1E7E0055D0DE /* DataProvider.swift */; };
		585575A22A42E28F00940633 /* StatisticsViewController.swift in Sources */ = {isa = PBXBuildFile; fileRef = 585575682A42E28E00940633 /* StatisticsViewController.swift */; };
		585575A32A42E28F00940633 /* StatisticsView.swift in Sources */ = {isa = PBXBuildFile; fileRef = 585575692A42E28E00940633 /* StatisticsView.swift */; };
		585575A42A42E28F00940633 /* ScheduleCell.swift in Sources */ = {isa = PBXBuildFile; fileRef = 5855756D2A42E28E00940633 /* ScheduleCell.swift */; };
		585575A52A42E28F00940633 /* ChooseScheduleView.swift in Sources */ = {isa = PBXBuildFile; fileRef = 5855756E2A42E28E00940633 /* ChooseScheduleView.swift */; };
		585575A62A42E28F00940633 /* ChooseScheduleViewController.swift in Sources */ = {isa = PBXBuildFile; fileRef = 5855756F2A42E28E00940633 /* ChooseScheduleViewController.swift */; };
		585575A72A42E28F00940633 /* EmojiCollectionViewCell.swift in Sources */ = {isa = PBXBuildFile; fileRef = 585575722A42E28E00940633 /* EmojiCollectionViewCell.swift */; };
		585575A82A42E28F00940633 /* ScheduleAndCategoryCell.swift in Sources */ = {isa = PBXBuildFile; fileRef = 585575732A42E28E00940633 /* ScheduleAndCategoryCell.swift */; };
		585575A92A42E28F00940633 /* ColorCollectionViewCell.swift in Sources */ = {isa = PBXBuildFile; fileRef = 585575742A42E28E00940633 /* ColorCollectionViewCell.swift */; };
		585575AA2A42E28F00940633 /* CreateTrackerViewController.swift in Sources */ = {isa = PBXBuildFile; fileRef = 585575752A42E28E00940633 /* CreateTrackerViewController.swift */; };
		585575AB2A42E28F00940633 /* ScheduleAndCategoryTableViewModel.swift in Sources */ = {isa = PBXBuildFile; fileRef = 585575772A42E28E00940633 /* ScheduleAndCategoryTableViewModel.swift */; };
		585575AC2A42E28F00940633 /* CreateTrackerView.swift in Sources */ = {isa = PBXBuildFile; fileRef = 585575782A42E28E00940633 /* CreateTrackerView.swift */; };
		585575AF2A42E28F00940633 /* CategoriesCell.swift in Sources */ = {isa = PBXBuildFile; fileRef = 5855757D2A42E28E00940633 /* CategoriesCell.swift */; };
		585575B02A42E28F00940633 /* AddCategoryView.swift in Sources */ = {isa = PBXBuildFile; fileRef = 5855757F2A42E28E00940633 /* AddCategoryView.swift */; };
		585575B12A42E28F00940633 /* AddCategoryViewController.swift in Sources */ = {isa = PBXBuildFile; fileRef = 585575802A42E28E00940633 /* AddCategoryViewController.swift */; };
		585575B22A42E28F00940633 /* ChooseTrackerTypeView.swift in Sources */ = {isa = PBXBuildFile; fileRef = 585575822A42E28E00940633 /* ChooseTrackerTypeView.swift */; };
		585575B32A42E28F00940633 /* ChooseTrackerTypeViewController.swift in Sources */ = {isa = PBXBuildFile; fileRef = 585575832A42E28E00940633 /* ChooseTrackerTypeViewController.swift */; };
		585575B42A42E28F00940633 /* TrackerCategory.swift in Sources */ = {isa = PBXBuildFile; fileRef = 585575862A42E28E00940633 /* TrackerCategory.swift */; };
		585575B52A42E28F00940633 /* WeekDay.swift in Sources */ = {isa = PBXBuildFile; fileRef = 585575872A42E28E00940633 /* WeekDay.swift */; };
		585575B62A42E28F00940633 /* Tracker.swift in Sources */ = {isa = PBXBuildFile; fileRef = 585575882A42E28E00940633 /* Tracker.swift */; };
		585575B72A42E28F00940633 /* TrackerRecord.swift in Sources */ = {isa = PBXBuildFile; fileRef = 585575892A42E28E00940633 /* TrackerRecord.swift */; };
		585575B82A42E28F00940633 /* TrackersViewController.swift in Sources */ = {isa = PBXBuildFile; fileRef = 5855758A2A42E28E00940633 /* TrackersViewController.swift */; };
		585575B92A42E28F00940633 /* TrackerCell.swift in Sources */ = {isa = PBXBuildFile; fileRef = 5855758C2A42E28E00940633 /* TrackerCell.swift */; };
		585575BB2A42E28F00940633 /* TabBarController.swift in Sources */ = {isa = PBXBuildFile; fileRef = 5855758F2A42E28E00940633 /* TabBarController.swift */; };
		585575BC2A42E28F00940633 /* AppDelegate.swift in Sources */ = {isa = PBXBuildFile; fileRef = 585575912A42E28F00940633 /* AppDelegate.swift */; };
		585575BD2A42E28F00940633 /* SceneDelegate.swift in Sources */ = {isa = PBXBuildFile; fileRef = 585575922A42E28F00940633 /* SceneDelegate.swift */; };
		585575BF2A42E28F00940633 /* UIColor+Extentions.swift in Sources */ = {isa = PBXBuildFile; fileRef = 585575952A42E28F00940633 /* UIColor+Extentions.swift */; };
		585575C02A42E28F00940633 /* UIView+Extensions.swift in Sources */ = {isa = PBXBuildFile; fileRef = 585575962A42E28F00940633 /* UIView+Extensions.swift */; };
		585575C12A42E28F00940633 /* Date+Extention.swift in Sources */ = {isa = PBXBuildFile; fileRef = 585575972A42E28F00940633 /* Date+Extention.swift */; };
		585575C22A42E28F00940633 /* UIFont+Extentions.swift in Sources */ = {isa = PBXBuildFile; fileRef = 585575982A42E28F00940633 /* UIFont+Extentions.swift */; };
		585575C32A42E28F00940633 /* Collection+Extention.swift in Sources */ = {isa = PBXBuildFile; fileRef = 585575992A42E28F00940633 /* Collection+Extention.swift */; };
		585575C42A42E28F00940633 /* PlugView.swift in Sources */ = {isa = PBXBuildFile; fileRef = 5855759B2A42E28F00940633 /* PlugView.swift */; };
		585575C52A42E28F00940633 /* HeaderReusableView.swift in Sources */ = {isa = PBXBuildFile; fileRef = 5855759C2A42E28F00940633 /* HeaderReusableView.swift */; };
		585575C62A42E28F00940633 /* TextFieldCustomView.swift in Sources */ = {isa = PBXBuildFile; fileRef = 5855759D2A42E28F00940633 /* TextFieldCustomView.swift */; };
		585575C72A42E28F00940633 /* String+Extention.swift in Sources */ = {isa = PBXBuildFile; fileRef = 5855759E2A42E28F00940633 /* String+Extention.swift */; };
		585575C82A42E28F00940633 /* LaunchScreen.storyboard in Resources */ = {isa = PBXBuildFile; fileRef = 585575A02A42E28F00940633 /* LaunchScreen.storyboard */; };
		585575C92A42E28F00940633 /* Assets.xcassets in Resources */ = {isa = PBXBuildFile; fileRef = 585575A12A42E28F00940633 /* Assets.xcassets */; };
		5863C33A2A84CDC000F2DC6D /* CategoriesVC.swift in Sources */ = {isa = PBXBuildFile; fileRef = 5863C3392A84CDC000F2DC6D /* CategoriesVC.swift */; };
		5863C33C2A84CDCA00F2DC6D /* CategoriesViewModel.swift in Sources */ = {isa = PBXBuildFile; fileRef = 5863C33B2A84CDCA00F2DC6D /* CategoriesViewModel.swift */; };
		5863C33E2A84CDD200F2DC6D /* Observable.swift in Sources */ = {isa = PBXBuildFile; fileRef = 5863C33D2A84CDD200F2DC6D /* Observable.swift */; };
		5863C3432A85758F00F2DC6D /* CategoriesRouter.swift in Sources */ = {isa = PBXBuildFile; fileRef = 5863C3422A85758F00F2DC6D /* CategoriesRouter.swift */; };
		58ABC6F52A8A1C84005175BF /* Localizable.strings in Resources */ = {isa = PBXBuildFile; fileRef = 58ABC6F72A8A1C84005175BF /* Localizable.strings */; };
		58ABC6FD2A8A562F005175BF /* EditTrackerView.swift in Sources */ = {isa = PBXBuildFile; fileRef = 58ABC6FC2A8A562F005175BF /* EditTrackerView.swift */; };
		58ABC6FF2A8A5639005175BF /* EditTrackerViewController.swift in Sources */ = {isa = PBXBuildFile; fileRef = 58ABC6FE2A8A5639005175BF /* EditTrackerViewController.swift */; };
		58ABC7012A8A9985005175BF /* StatisticsCell.swift in Sources */ = {isa = PBXBuildFile; fileRef = 58ABC7002A8A9985005175BF /* StatisticsCell.swift */; };
		58ABC70B2A8ABAD6005175BF /* StatisticModel.swift in Sources */ = {isa = PBXBuildFile; fileRef = 58ABC70A2A8ABAD6005175BF /* StatisticModel.swift */; };
		58ABC70E2A8AC504005175BF /* FilterTrackersViewController.swift in Sources */ = {isa = PBXBuildFile; fileRef = 58ABC70D2A8AC504005175BF /* FilterTrackersViewController.swift */; };
		58ABC7102A8AC591005175BF /* FilterTrackersView.swift in Sources */ = {isa = PBXBuildFile; fileRef = 58ABC70F2A8AC591005175BF /* FilterTrackersView.swift */; };
		58ABC7122A8AC791005175BF /* FiltersCell.swift in Sources */ = {isa = PBXBuildFile; fileRef = 58ABC7112A8AC791005175BF /* FiltersCell.swift */; };
		58B885992A8ACBCC005682F6 /* FIlterTypes.swift in Sources */ = {isa = PBXBuildFile; fileRef = 58B885982A8ACBCC005682F6 /* FIlterTypes.swift */; };
		58B885A02A8AD9F0005682F6 /* InfoPlist.strings in Resources */ = {isa = PBXBuildFile; fileRef = 58B885A22A8AD9F0005682F6 /* InfoPlist.strings */; };
		58B885A62A8ADAC4005682F6 /* Localizable.stringsdict in Resources */ = {isa = PBXBuildFile; fileRef = 58B885A82A8ADAC4005682F6 /* Localizable.stringsdict */; };
		58B885B42A8AE055005682F6 /* TrackerTests.swift in Sources */ = {isa = PBXBuildFile; fileRef = 58B885B32A8AE055005682F6 /* TrackerTests.swift */; };
		58B885BC2A8AE083005682F6 /* SnapshotTesting in Frameworks */ = {isa = PBXBuildFile; productRef = 58B885BB2A8AE083005682F6 /* SnapshotTesting */; };
		58BDF7DD2A7C5AB600590A6C /* TrackersDataService.swift in Sources */ = {isa = PBXBuildFile; fileRef = 58BDF7DC2A7C5AB600590A6C /* TrackersDataService.swift */; };
		58E370412A7FB21700C87019 /* OnboardingViewController.swift in Sources */ = {isa = PBXBuildFile; fileRef = 58E370402A7FB21700C87019 /* OnboardingViewController.swift */; };
		58E370482A7FE9A000C87019 /* OnboardingPageViewController.swift in Sources */ = {isa = PBXBuildFile; fileRef = 58E370472A7FE9A000C87019 /* OnboardingPageViewController.swift */; };
		58F99D642A8AE583004E0261 /* AnalyticsService.swift in Sources */ = {isa = PBXBuildFile; fileRef = 58F99D632A8AE583004E0261 /* AnalyticsService.swift */; };
		B5F9F99AE64FEAEC9C6873AF /* Pods_TrackerTests.framework in Frameworks */ = {isa = PBXBuildFile; fileRef = 7B702D7B2D10904D61C7CEBD /* Pods_TrackerTests.framework */; };
		CF7B9CEB90183ABC5E258639 /* Pods_Tracker.framework in Frameworks */ = {isa = PBXBuildFile; fileRef = 95F8C5EA7D586C174B33E908 /* Pods_Tracker.framework */; };
/* End PBXBuildFile section */

/* Begin PBXContainerItemProxy section */
		58B885B52A8AE055005682F6 /* PBXContainerItemProxy */ = {
			isa = PBXContainerItemProxy;
			containerPortal = 585574C22A42DD2200940633 /* Project object */;
			proxyType = 1;
			remoteGlobalIDString = 585574C92A42DD2200940633;
			remoteInfo = Tracker;
		};
/* End PBXContainerItemProxy section */

/* Begin PBXFileReference section */
		1AD5A14D68A92261EDC8573D /* Pods-Tracker.debug.xcconfig */ = {isa = PBXFileReference; includeInIndex = 1; lastKnownFileType = text.xcconfig; name = "Pods-Tracker.debug.xcconfig"; path = "Target Support Files/Pods-Tracker/Pods-Tracker.debug.xcconfig"; sourceTree = "<group>"; };
		1AE1F9DB76E5556805524074 /* Pods-TrackerTests.release.xcconfig */ = {isa = PBXFileReference; includeInIndex = 1; lastKnownFileType = text.xcconfig; name = "Pods-TrackerTests.release.xcconfig"; path = "Target Support Files/Pods-TrackerTests/Pods-TrackerTests.release.xcconfig"; sourceTree = "<group>"; };
		230055F5665BC40CDF837798 /* Pods-Tracker.release.xcconfig */ = {isa = PBXFileReference; includeInIndex = 1; lastKnownFileType = text.xcconfig; name = "Pods-Tracker.release.xcconfig"; path = "Target Support Files/Pods-Tracker/Pods-Tracker.release.xcconfig"; sourceTree = "<group>"; };
		582B103E2A7B8EEB0055D0DE /* PersistentContainterCreater.swift */ = {isa = PBXFileReference; lastKnownFileType = sourcecode.swift; path = PersistentContainterCreater.swift; sourceTree = "<group>"; };
		582B10422A7B97AE0055D0DE /* Model.xcdatamodel */ = {isa = PBXFileReference; lastKnownFileType = wrapper.xcdatamodel; path = Model.xcdatamodel; sourceTree = "<group>"; };
		582B10442A7BC4420055D0DE /* TrackerDataStore.swift */ = {isa = PBXFileReference; lastKnownFileType = sourcecode.swift; path = TrackerDataStore.swift; sourceTree = "<group>"; };
		582B10462A7BC44E0055D0DE /* TrackerCategoryDataStore.swift */ = {isa = PBXFileReference; lastKnownFileType = sourcecode.swift; path = TrackerCategoryDataStore.swift; sourceTree = "<group>"; };
		582B10482A7BC4590055D0DE /* TrackerRecordDataStore.swift */ = {isa = PBXFileReference; lastKnownFileType = sourcecode.swift; path = TrackerRecordDataStore.swift; sourceTree = "<group>"; };
		582B104B2A7BDF130055D0DE /* UIColorMarshalling.swift */ = {isa = PBXFileReference; lastKnownFileType = sourcecode.swift; path = UIColorMarshalling.swift; sourceTree = "<group>"; };
		582B104D2A7BDF250055D0DE /* ScheduleMarshalling.swift */ = {isa = PBXFileReference; lastKnownFileType = sourcecode.swift; path = ScheduleMarshalling.swift; sourceTree = "<group>"; };
		582B104F2A7C1E7E0055D0DE /* DataProvider.swift */ = {isa = PBXFileReference; lastKnownFileType = sourcecode.swift; path = DataProvider.swift; sourceTree = "<group>"; };
		585574CA2A42DD2200940633 /* Tracker.app */ = {isa = PBXFileReference; explicitFileType = wrapper.application; includeInIndex = 0; path = Tracker.app; sourceTree = BUILT_PRODUCTS_DIR; };
		585574DB2A42DD2300940633 /* Info.plist */ = {isa = PBXFileReference; lastKnownFileType = text.plist.xml; path = Info.plist; sourceTree = "<group>"; };
		585575682A42E28E00940633 /* StatisticsViewController.swift */ = {isa = PBXFileReference; fileEncoding = 4; lastKnownFileType = sourcecode.swift; path = StatisticsViewController.swift; sourceTree = "<group>"; };
		585575692A42E28E00940633 /* StatisticsView.swift */ = {isa = PBXFileReference; fileEncoding = 4; lastKnownFileType = sourcecode.swift; path = StatisticsView.swift; sourceTree = "<group>"; };
		5855756D2A42E28E00940633 /* ScheduleCell.swift */ = {isa = PBXFileReference; fileEncoding = 4; lastKnownFileType = sourcecode.swift; path = ScheduleCell.swift; sourceTree = "<group>"; };
		5855756E2A42E28E00940633 /* ChooseScheduleView.swift */ = {isa = PBXFileReference; fileEncoding = 4; lastKnownFileType = sourcecode.swift; path = ChooseScheduleView.swift; sourceTree = "<group>"; };
		5855756F2A42E28E00940633 /* ChooseScheduleViewController.swift */ = {isa = PBXFileReference; fileEncoding = 4; lastKnownFileType = sourcecode.swift; path = ChooseScheduleViewController.swift; sourceTree = "<group>"; };
		585575722A42E28E00940633 /* EmojiCollectionViewCell.swift */ = {isa = PBXFileReference; fileEncoding = 4; lastKnownFileType = sourcecode.swift; path = EmojiCollectionViewCell.swift; sourceTree = "<group>"; };
		585575732A42E28E00940633 /* ScheduleAndCategoryCell.swift */ = {isa = PBXFileReference; fileEncoding = 4; lastKnownFileType = sourcecode.swift; path = ScheduleAndCategoryCell.swift; sourceTree = "<group>"; };
		585575742A42E28E00940633 /* ColorCollectionViewCell.swift */ = {isa = PBXFileReference; fileEncoding = 4; lastKnownFileType = sourcecode.swift; path = ColorCollectionViewCell.swift; sourceTree = "<group>"; };
		585575752A42E28E00940633 /* CreateTrackerViewController.swift */ = {isa = PBXFileReference; fileEncoding = 4; lastKnownFileType = sourcecode.swift; path = CreateTrackerViewController.swift; sourceTree = "<group>"; };
		585575772A42E28E00940633 /* ScheduleAndCategoryTableViewModel.swift */ = {isa = PBXFileReference; fileEncoding = 4; lastKnownFileType = sourcecode.swift; path = ScheduleAndCategoryTableViewModel.swift; sourceTree = "<group>"; };
		585575782A42E28E00940633 /* CreateTrackerView.swift */ = {isa = PBXFileReference; fileEncoding = 4; lastKnownFileType = sourcecode.swift; path = CreateTrackerView.swift; sourceTree = "<group>"; };
		5855757D2A42E28E00940633 /* CategoriesCell.swift */ = {isa = PBXFileReference; fileEncoding = 4; lastKnownFileType = sourcecode.swift; path = CategoriesCell.swift; sourceTree = "<group>"; };
		5855757F2A42E28E00940633 /* AddCategoryView.swift */ = {isa = PBXFileReference; fileEncoding = 4; lastKnownFileType = sourcecode.swift; path = AddCategoryView.swift; sourceTree = "<group>"; };
		585575802A42E28E00940633 /* AddCategoryViewController.swift */ = {isa = PBXFileReference; fileEncoding = 4; lastKnownFileType = sourcecode.swift; path = AddCategoryViewController.swift; sourceTree = "<group>"; };
		585575822A42E28E00940633 /* ChooseTrackerTypeView.swift */ = {isa = PBXFileReference; fileEncoding = 4; lastKnownFileType = sourcecode.swift; path = ChooseTrackerTypeView.swift; sourceTree = "<group>"; };
		585575832A42E28E00940633 /* ChooseTrackerTypeViewController.swift */ = {isa = PBXFileReference; fileEncoding = 4; lastKnownFileType = sourcecode.swift; path = ChooseTrackerTypeViewController.swift; sourceTree = "<group>"; };
		585575862A42E28E00940633 /* TrackerCategory.swift */ = {isa = PBXFileReference; fileEncoding = 4; lastKnownFileType = sourcecode.swift; path = TrackerCategory.swift; sourceTree = "<group>"; };
		585575872A42E28E00940633 /* WeekDay.swift */ = {isa = PBXFileReference; fileEncoding = 4; lastKnownFileType = sourcecode.swift; path = WeekDay.swift; sourceTree = "<group>"; };
		585575882A42E28E00940633 /* Tracker.swift */ = {isa = PBXFileReference; fileEncoding = 4; lastKnownFileType = sourcecode.swift; path = Tracker.swift; sourceTree = "<group>"; };
		585575892A42E28E00940633 /* TrackerRecord.swift */ = {isa = PBXFileReference; fileEncoding = 4; lastKnownFileType = sourcecode.swift; path = TrackerRecord.swift; sourceTree = "<group>"; };
		5855758A2A42E28E00940633 /* TrackersViewController.swift */ = {isa = PBXFileReference; fileEncoding = 4; lastKnownFileType = sourcecode.swift; path = TrackersViewController.swift; sourceTree = "<group>"; };
		5855758C2A42E28E00940633 /* TrackerCell.swift */ = {isa = PBXFileReference; fileEncoding = 4; lastKnownFileType = sourcecode.swift; path = TrackerCell.swift; sourceTree = "<group>"; };
		5855758F2A42E28E00940633 /* TabBarController.swift */ = {isa = PBXFileReference; fileEncoding = 4; lastKnownFileType = sourcecode.swift; path = TabBarController.swift; sourceTree = "<group>"; };
		585575912A42E28F00940633 /* AppDelegate.swift */ = {isa = PBXFileReference; fileEncoding = 4; lastKnownFileType = sourcecode.swift; path = AppDelegate.swift; sourceTree = "<group>"; };
		585575922A42E28F00940633 /* SceneDelegate.swift */ = {isa = PBXFileReference; fileEncoding = 4; lastKnownFileType = sourcecode.swift; path = SceneDelegate.swift; sourceTree = "<group>"; };
		585575952A42E28F00940633 /* UIColor+Extentions.swift */ = {isa = PBXFileReference; fileEncoding = 4; lastKnownFileType = sourcecode.swift; path = "UIColor+Extentions.swift"; sourceTree = "<group>"; };
		585575962A42E28F00940633 /* UIView+Extensions.swift */ = {isa = PBXFileReference; fileEncoding = 4; lastKnownFileType = sourcecode.swift; path = "UIView+Extensions.swift"; sourceTree = "<group>"; };
		585575972A42E28F00940633 /* Date+Extention.swift */ = {isa = PBXFileReference; fileEncoding = 4; lastKnownFileType = sourcecode.swift; path = "Date+Extention.swift"; sourceTree = "<group>"; };
		585575982A42E28F00940633 /* UIFont+Extentions.swift */ = {isa = PBXFileReference; fileEncoding = 4; lastKnownFileType = sourcecode.swift; path = "UIFont+Extentions.swift"; sourceTree = "<group>"; };
		585575992A42E28F00940633 /* Collection+Extention.swift */ = {isa = PBXFileReference; fileEncoding = 4; lastKnownFileType = sourcecode.swift; path = "Collection+Extention.swift"; sourceTree = "<group>"; };
		5855759B2A42E28F00940633 /* PlugView.swift */ = {isa = PBXFileReference; fileEncoding = 4; lastKnownFileType = sourcecode.swift; path = PlugView.swift; sourceTree = "<group>"; };
		5855759C2A42E28F00940633 /* HeaderReusableView.swift */ = {isa = PBXFileReference; fileEncoding = 4; lastKnownFileType = sourcecode.swift; path = HeaderReusableView.swift; sourceTree = "<group>"; };
		5855759D2A42E28F00940633 /* TextFieldCustomView.swift */ = {isa = PBXFileReference; fileEncoding = 4; lastKnownFileType = sourcecode.swift; path = TextFieldCustomView.swift; sourceTree = "<group>"; };
		5855759E2A42E28F00940633 /* String+Extention.swift */ = {isa = PBXFileReference; fileEncoding = 4; lastKnownFileType = sourcecode.swift; path = "String+Extention.swift"; sourceTree = "<group>"; };
		585575A02A42E28F00940633 /* LaunchScreen.storyboard */ = {isa = PBXFileReference; fileEncoding = 4; lastKnownFileType = file.storyboard; path = LaunchScreen.storyboard; sourceTree = "<group>"; };
		585575A12A42E28F00940633 /* Assets.xcassets */ = {isa = PBXFileReference; lastKnownFileType = folder.assetcatalog; path = Assets.xcassets; sourceTree = "<group>"; };
		5863C3392A84CDC000F2DC6D /* CategoriesVC.swift */ = {isa = PBXFileReference; lastKnownFileType = sourcecode.swift; path = CategoriesVC.swift; sourceTree = "<group>"; };
		5863C33B2A84CDCA00F2DC6D /* CategoriesViewModel.swift */ = {isa = PBXFileReference; lastKnownFileType = sourcecode.swift; path = CategoriesViewModel.swift; sourceTree = "<group>"; };
		5863C33D2A84CDD200F2DC6D /* Observable.swift */ = {isa = PBXFileReference; lastKnownFileType = sourcecode.swift; path = Observable.swift; sourceTree = "<group>"; };
		5863C3422A85758F00F2DC6D /* CategoriesRouter.swift */ = {isa = PBXFileReference; lastKnownFileType = sourcecode.swift; path = CategoriesRouter.swift; sourceTree = "<group>"; };
		58ABC6F62A8A1C84005175BF /* en */ = {isa = PBXFileReference; lastKnownFileType = text.plist.strings; name = en; path = en.lproj/Localizable.strings; sourceTree = "<group>"; };
		58ABC6F82A8A1C93005175BF /* ru */ = {isa = PBXFileReference; lastKnownFileType = text.plist.strings; name = ru; path = ru.lproj/Localizable.strings; sourceTree = "<group>"; };
		58ABC6FC2A8A562F005175BF /* EditTrackerView.swift */ = {isa = PBXFileReference; lastKnownFileType = sourcecode.swift; path = EditTrackerView.swift; sourceTree = "<group>"; };
		58ABC6FE2A8A5639005175BF /* EditTrackerViewController.swift */ = {isa = PBXFileReference; lastKnownFileType = sourcecode.swift; path = EditTrackerViewController.swift; sourceTree = "<group>"; };
		58ABC7002A8A9985005175BF /* StatisticsCell.swift */ = {isa = PBXFileReference; lastKnownFileType = sourcecode.swift; path = StatisticsCell.swift; sourceTree = "<group>"; };
		58ABC70A2A8ABAD6005175BF /* StatisticModel.swift */ = {isa = PBXFileReference; lastKnownFileType = sourcecode.swift; path = StatisticModel.swift; sourceTree = "<group>"; };
		58ABC70D2A8AC504005175BF /* FilterTrackersViewController.swift */ = {isa = PBXFileReference; lastKnownFileType = sourcecode.swift; path = FilterTrackersViewController.swift; sourceTree = "<group>"; };
		58ABC70F2A8AC591005175BF /* FilterTrackersView.swift */ = {isa = PBXFileReference; lastKnownFileType = sourcecode.swift; path = FilterTrackersView.swift; sourceTree = "<group>"; };
		58ABC7112A8AC791005175BF /* FiltersCell.swift */ = {isa = PBXFileReference; lastKnownFileType = sourcecode.swift; path = FiltersCell.swift; sourceTree = "<group>"; };
		58B885982A8ACBCC005682F6 /* FIlterTypes.swift */ = {isa = PBXFileReference; lastKnownFileType = sourcecode.swift; path = FIlterTypes.swift; sourceTree = "<group>"; };
		58B885A12A8AD9F0005682F6 /* ru */ = {isa = PBXFileReference; lastKnownFileType = text.plist.strings; name = ru; path = ru.lproj/InfoPlist.strings; sourceTree = "<group>"; };
		58B885A32A8ADA1E005682F6 /* en */ = {isa = PBXFileReference; lastKnownFileType = text.plist.strings; name = en; path = en.lproj/InfoPlist.strings; sourceTree = "<group>"; };
		58B885A72A8ADAC4005682F6 /* ru */ = {isa = PBXFileReference; lastKnownFileType = text.plist.stringsdict; name = ru; path = ru.lproj/Localizable.stringsdict; sourceTree = "<group>"; };
		58B885A92A8ADAC9005682F6 /* en */ = {isa = PBXFileReference; lastKnownFileType = text.plist.stringsdict; name = en; path = en.lproj/Localizable.stringsdict; sourceTree = "<group>"; };
		58B885B12A8AE055005682F6 /* TrackerTests.xctest */ = {isa = PBXFileReference; explicitFileType = wrapper.cfbundle; includeInIndex = 0; path = TrackerTests.xctest; sourceTree = BUILT_PRODUCTS_DIR; };
		58B885B32A8AE055005682F6 /* TrackerTests.swift */ = {isa = PBXFileReference; lastKnownFileType = sourcecode.swift; path = TrackerTests.swift; sourceTree = "<group>"; };
		58BDF7DC2A7C5AB600590A6C /* TrackersDataService.swift */ = {isa = PBXFileReference; lastKnownFileType = sourcecode.swift; path = TrackersDataService.swift; sourceTree = "<group>"; };
		58BDF80B2A7CD89A00590A6C /* TrackerCategoryCoreData.swift */ = {isa = PBXFileReference; lastKnownFileType = sourcecode.swift; path = TrackerCategoryCoreData.swift; sourceTree = "<group>"; };
		58BDF80C2A7CD89A00590A6C /* TrackerCoreData.swift */ = {isa = PBXFileReference; lastKnownFileType = sourcecode.swift; path = TrackerCoreData.swift; sourceTree = "<group>"; };
		58BDF80D2A7CD89A00590A6C /* TrackerRecordCoreData.swift */ = {isa = PBXFileReference; lastKnownFileType = sourcecode.swift; path = TrackerRecordCoreData.swift; sourceTree = "<group>"; };
		58E370402A7FB21700C87019 /* OnboardingViewController.swift */ = {isa = PBXFileReference; lastKnownFileType = sourcecode.swift; path = OnboardingViewController.swift; sourceTree = "<group>"; };
		58E370472A7FE9A000C87019 /* OnboardingPageViewController.swift */ = {isa = PBXFileReference; lastKnownFileType = sourcecode.swift; path = OnboardingPageViewController.swift; sourceTree = "<group>"; };
		58F99D632A8AE583004E0261 /* AnalyticsService.swift */ = {isa = PBXFileReference; lastKnownFileType = sourcecode.swift; path = AnalyticsService.swift; sourceTree = "<group>"; };
		7B702D7B2D10904D61C7CEBD /* Pods_TrackerTests.framework */ = {isa = PBXFileReference; explicitFileType = wrapper.framework; includeInIndex = 0; path = Pods_TrackerTests.framework; sourceTree = BUILT_PRODUCTS_DIR; };
		87A64B06BF144094B6A0F81A /* Pods-TrackerTests.debug.xcconfig */ = {isa = PBXFileReference; includeInIndex = 1; lastKnownFileType = text.xcconfig; name = "Pods-TrackerTests.debug.xcconfig"; path = "Target Support Files/Pods-TrackerTests/Pods-TrackerTests.debug.xcconfig"; sourceTree = "<group>"; };
		95F8C5EA7D586C174B33E908 /* Pods_Tracker.framework */ = {isa = PBXFileReference; explicitFileType = wrapper.framework; includeInIndex = 0; path = Pods_Tracker.framework; sourceTree = BUILT_PRODUCTS_DIR; };
/* End PBXFileReference section */

/* Begin PBXFrameworksBuildPhase section */
		585574C72A42DD2200940633 /* Frameworks */ = {
			isa = PBXFrameworksBuildPhase;
			buildActionMask = 2147483647;
			files = (
				CF7B9CEB90183ABC5E258639 /* Pods_Tracker.framework in Frameworks */,
			);
			runOnlyForDeploymentPostprocessing = 0;
		};
		58B885AE2A8AE055005682F6 /* Frameworks */ = {
			isa = PBXFrameworksBuildPhase;
			buildActionMask = 2147483647;
			files = (
				58B885BC2A8AE083005682F6 /* SnapshotTesting in Frameworks */,
				B5F9F99AE64FEAEC9C6873AF /* Pods_TrackerTests.framework in Frameworks */,
			);
			runOnlyForDeploymentPostprocessing = 0;
		};
/* End PBXFrameworksBuildPhase section */

/* Begin PBXGroup section */
		582B103C2A7B8EC70055D0DE /* Domain */ = {
			isa = PBXGroup;
			children = (
				582B103D2A7B8ED10055D0DE /* CoreData */,
			);
			path = Domain;
			sourceTree = "<group>";
		};
		582B103D2A7B8ED10055D0DE /* CoreData */ = {
			isa = PBXGroup;
			children = (
				58BDF80A2A7CD82000590A6C /* CoreDataClasses */,
				58BDF7DB2A7C5AA300590A6C /* Services */,
				582B104A2A7BDEFE0055D0DE /* Helpers */,
				582B10402A7B97A00055D0DE /* Model */,
				582B103E2A7B8EEB0055D0DE /* PersistentContainterCreater.swift */,
				582B104F2A7C1E7E0055D0DE /* DataProvider.swift */,
				582B10512A7C1EA40055D0DE /* Stores */,
			);
			path = CoreData;
			sourceTree = "<group>";
		};
		582B10402A7B97A00055D0DE /* Model */ = {
			isa = PBXGroup;
			children = (
				582B10412A7B97AE0055D0DE /* Model.xcdatamodeld */,
			);
			path = Model;
			sourceTree = "<group>";
		};
		582B104A2A7BDEFE0055D0DE /* Helpers */ = {
			isa = PBXGroup;
			children = (
				582B104B2A7BDF130055D0DE /* UIColorMarshalling.swift */,
				582B104D2A7BDF250055D0DE /* ScheduleMarshalling.swift */,
			);
			path = Helpers;
			sourceTree = "<group>";
		};
		582B10512A7C1EA40055D0DE /* Stores */ = {
			isa = PBXGroup;
			children = (
				582B10442A7BC4420055D0DE /* TrackerDataStore.swift */,
				582B10462A7BC44E0055D0DE /* TrackerCategoryDataStore.swift */,
				582B10482A7BC4590055D0DE /* TrackerRecordDataStore.swift */,
			);
			path = Stores;
			sourceTree = "<group>";
		};
		585574C12A42DD2200940633 = {
			isa = PBXGroup;
			children = (
				585574CC2A42DD2200940633 /* Tracker */,
				58B885B22A8AE055005682F6 /* TrackerTests */,
				585574CB2A42DD2200940633 /* Products */,
				FCE050A63557A6DFC5142560 /* Pods */,
				C3FE3445DDD716D9D474F0A9 /* Frameworks */,
			);
			sourceTree = "<group>";
		};
		585574CB2A42DD2200940633 /* Products */ = {
			isa = PBXGroup;
			children = (
				585574CA2A42DD2200940633 /* Tracker.app */,
				58B885B12A8AE055005682F6 /* TrackerTests.xctest */,
			);
			name = Products;
			sourceTree = "<group>";
		};
		585574CC2A42DD2200940633 /* Tracker */ = {
			isa = PBXGroup;
			children = (
				58F99D622A8AE574004E0261 /* Analytics */,
				582B103C2A7B8EC70055D0DE /* Domain */,
				585575902A42E28F00940633 /* Application */,
				585575942A42E28F00940633 /* Helpers */,
				585575662A42E28E00940633 /* Presentation */,
				5855759F2A42E28F00940633 /* Resources */,
				585574DB2A42DD2300940633 /* Info.plist */,
			);
			path = Tracker;
			sourceTree = "<group>";
		};
		585575662A42E28E00940633 /* Presentation */ = {
			isa = PBXGroup;
			children = (
				58ABC70C2A8AC4A6005175BF /* Filters */,
				58ABC6FB2A8A5022005175BF /* EditTracker */,
				58E3703F2A7FB20100C87019 /* Onboarding */,
				585575672A42E28E00940633 /* Statistics */,
				5855756A2A42E28E00940633 /* CreateTracker */,
				585575842A42E28E00940633 /* TrackersList */,
				5855758F2A42E28E00940633 /* TabBarController.swift */,
			);
			path = Presentation;
			sourceTree = "<group>";
		};
		585575672A42E28E00940633 /* Statistics */ = {
			isa = PBXGroup;
			children = (
				585575682A42E28E00940633 /* StatisticsViewController.swift */,
				58ABC70A2A8ABAD6005175BF /* StatisticModel.swift */,
				58ABC7052A8AACF4005175BF /* Views */,
			);
			path = Statistics;
			sourceTree = "<group>";
		};
		5855756A2A42E28E00940633 /* CreateTracker */ = {
			isa = PBXGroup;
			children = (
				5855756B2A42E28E00940633 /* ChooseSchedule */,
				585575702A42E28E00940633 /* CreateTracker */,
				585575792A42E28E00940633 /* Categories */,
				585575812A42E28E00940633 /* ChooseTrackerType */,
			);
			path = CreateTracker;
			sourceTree = "<group>";
		};
		5855756B2A42E28E00940633 /* ChooseSchedule */ = {
			isa = PBXGroup;
			children = (
				5855756C2A42E28E00940633 /* Cell */,
				5855756E2A42E28E00940633 /* ChooseScheduleView.swift */,
				5855756F2A42E28E00940633 /* ChooseScheduleViewController.swift */,
			);
			path = ChooseSchedule;
			sourceTree = "<group>";
		};
		5855756C2A42E28E00940633 /* Cell */ = {
			isa = PBXGroup;
			children = (
				5855756D2A42E28E00940633 /* ScheduleCell.swift */,
			);
			path = Cell;
			sourceTree = "<group>";
		};
		585575702A42E28E00940633 /* CreateTracker */ = {
			isa = PBXGroup;
			children = (
				585575712A42E28E00940633 /* Cells */,
				585575752A42E28E00940633 /* CreateTrackerViewController.swift */,
				585575782A42E28E00940633 /* CreateTrackerView.swift */,
				585575762A42E28E00940633 /* Model */,
			);
			path = CreateTracker;
			sourceTree = "<group>";
		};
		585575712A42E28E00940633 /* Cells */ = {
			isa = PBXGroup;
			children = (
				585575722A42E28E00940633 /* EmojiCollectionViewCell.swift */,
				585575732A42E28E00940633 /* ScheduleAndCategoryCell.swift */,
				585575742A42E28E00940633 /* ColorCollectionViewCell.swift */,
			);
			path = Cells;
			sourceTree = "<group>";
		};
		585575762A42E28E00940633 /* Model */ = {
			isa = PBXGroup;
			children = (
				585575772A42E28E00940633 /* ScheduleAndCategoryTableViewModel.swift */,
			);
			path = Model;
			sourceTree = "<group>";
		};
		585575792A42E28E00940633 /* Categories */ = {
			isa = PBXGroup;
			children = (
				5855757C2A42E28E00940633 /* Cell */,
				5855757E2A42E28E00940633 /* AddCategory */,
				5863C3392A84CDC000F2DC6D /* CategoriesVC.swift */,
				5863C33B2A84CDCA00F2DC6D /* CategoriesViewModel.swift */,
				5863C33D2A84CDD200F2DC6D /* Observable.swift */,
				5863C3422A85758F00F2DC6D /* CategoriesRouter.swift */,
			);
			path = Categories;
			sourceTree = "<group>";
		};
		5855757C2A42E28E00940633 /* Cell */ = {
			isa = PBXGroup;
			children = (
				5855757D2A42E28E00940633 /* CategoriesCell.swift */,
			);
			path = Cell;
			sourceTree = "<group>";
		};
		5855757E2A42E28E00940633 /* AddCategory */ = {
			isa = PBXGroup;
			children = (
				5855757F2A42E28E00940633 /* AddCategoryView.swift */,
				585575802A42E28E00940633 /* AddCategoryViewController.swift */,
			);
			path = AddCategory;
			sourceTree = "<group>";
		};
		585575812A42E28E00940633 /* ChooseTrackerType */ = {
			isa = PBXGroup;
			children = (
				585575822A42E28E00940633 /* ChooseTrackerTypeView.swift */,
				585575832A42E28E00940633 /* ChooseTrackerTypeViewController.swift */,
			);
			path = ChooseTrackerType;
			sourceTree = "<group>";
		};
		585575842A42E28E00940633 /* TrackersList */ = {
			isa = PBXGroup;
			children = (
				585575852A42E28E00940633 /* Models */,
				5855758A2A42E28E00940633 /* TrackersViewController.swift */,
				5855758B2A42E28E00940633 /* Cell */,
			);
			path = TrackersList;
			sourceTree = "<group>";
		};
		585575852A42E28E00940633 /* Models */ = {
			isa = PBXGroup;
			children = (
				585575862A42E28E00940633 /* TrackerCategory.swift */,
				585575882A42E28E00940633 /* Tracker.swift */,
				585575892A42E28E00940633 /* TrackerRecord.swift */,
				585575872A42E28E00940633 /* WeekDay.swift */,
			);
			path = Models;
			sourceTree = "<group>";
		};
		5855758B2A42E28E00940633 /* Cell */ = {
			isa = PBXGroup;
			children = (
				5855758C2A42E28E00940633 /* TrackerCell.swift */,
			);
			path = Cell;
			sourceTree = "<group>";
		};
		585575902A42E28F00940633 /* Application */ = {
			isa = PBXGroup;
			children = (
				585575912A42E28F00940633 /* AppDelegate.swift */,
				585575922A42E28F00940633 /* SceneDelegate.swift */,
			);
			path = Application;
			sourceTree = "<group>";
		};
		585575942A42E28F00940633 /* Helpers */ = {
			isa = PBXGroup;
			children = (
				585575952A42E28F00940633 /* UIColor+Extentions.swift */,
				585575962A42E28F00940633 /* UIView+Extensions.swift */,
				585575972A42E28F00940633 /* Date+Extention.swift */,
				585575982A42E28F00940633 /* UIFont+Extentions.swift */,
				585575992A42E28F00940633 /* Collection+Extention.swift */,
				5855759A2A42E28F00940633 /* CustomViews */,
				5855759E2A42E28F00940633 /* String+Extention.swift */,
			);
			path = Helpers;
			sourceTree = "<group>";
		};
		5855759A2A42E28F00940633 /* CustomViews */ = {
			isa = PBXGroup;
			children = (
				5855759B2A42E28F00940633 /* PlugView.swift */,
				5855759C2A42E28F00940633 /* HeaderReusableView.swift */,
				5855759D2A42E28F00940633 /* TextFieldCustomView.swift */,
			);
			path = CustomViews;
			sourceTree = "<group>";
		};
		5855759F2A42E28F00940633 /* Resources */ = {
			isa = PBXGroup;
			children = (
				585575A02A42E28F00940633 /* LaunchScreen.storyboard */,
				585575A12A42E28F00940633 /* Assets.xcassets */,
				58ABC6F72A8A1C84005175BF /* Localizable.strings */,
				58B885A22A8AD9F0005682F6 /* InfoPlist.strings */,
				58B885A82A8ADAC4005682F6 /* Localizable.stringsdict */,
			);
			path = Resources;
			sourceTree = "<group>";
		};
		58ABC6FB2A8A5022005175BF /* EditTracker */ = {
			isa = PBXGroup;
			children = (
				58ABC6FC2A8A562F005175BF /* EditTrackerView.swift */,
				58ABC6FE2A8A5639005175BF /* EditTrackerViewController.swift */,
			);
			path = EditTracker;
			sourceTree = "<group>";
		};
		58ABC7052A8AACF4005175BF /* Views */ = {
			isa = PBXGroup;
			children = (
				585575692A42E28E00940633 /* StatisticsView.swift */,
				58ABC7002A8A9985005175BF /* StatisticsCell.swift */,
			);
			path = Views;
			sourceTree = "<group>";
		};
		58ABC70C2A8AC4A6005175BF /* Filters */ = {
			isa = PBXGroup;
			children = (
				58ABC70D2A8AC504005175BF /* FilterTrackersViewController.swift */,
				58ABC70F2A8AC591005175BF /* FilterTrackersView.swift */,
				58ABC7112A8AC791005175BF /* FiltersCell.swift */,
				58B885982A8ACBCC005682F6 /* FIlterTypes.swift */,
			);
			path = Filters;
			sourceTree = "<group>";
		};
		58B885B22A8AE055005682F6 /* TrackerTests */ = {
			isa = PBXGroup;
			children = (
				58B885B32A8AE055005682F6 /* TrackerTests.swift */,
			);
			path = TrackerTests;
			sourceTree = "<group>";
		};
		58BDF7DB2A7C5AA300590A6C /* Services */ = {
			isa = PBXGroup;
			children = (
				58BDF7DC2A7C5AB600590A6C /* TrackersDataService.swift */,
			);
			path = Services;
			sourceTree = "<group>";
		};
		58BDF80A2A7CD82000590A6C /* CoreDataClasses */ = {
			isa = PBXGroup;
			children = (
				58BDF80B2A7CD89A00590A6C /* TrackerCategoryCoreData.swift */,
				58BDF80C2A7CD89A00590A6C /* TrackerCoreData.swift */,
				58BDF80D2A7CD89A00590A6C /* TrackerRecordCoreData.swift */,
			);
			path = CoreDataClasses;
			sourceTree = "<group>";
		};
		58E3703F2A7FB20100C87019 /* Onboarding */ = {
			isa = PBXGroup;
			children = (
				58E370402A7FB21700C87019 /* OnboardingViewController.swift */,
				58E370472A7FE9A000C87019 /* OnboardingPageViewController.swift */,
			);
			path = Onboarding;
			sourceTree = "<group>";
		};
		58F99D622A8AE574004E0261 /* Analytics */ = {
			isa = PBXGroup;
			children = (
				58F99D632A8AE583004E0261 /* AnalyticsService.swift */,
			);
			path = Analytics;
			sourceTree = "<group>";
		};
		C3FE3445DDD716D9D474F0A9 /* Frameworks */ = {
			isa = PBXGroup;
			children = (
				95F8C5EA7D586C174B33E908 /* Pods_Tracker.framework */,
				7B702D7B2D10904D61C7CEBD /* Pods_TrackerTests.framework */,
			);
			name = Frameworks;
			sourceTree = "<group>";
		};
		FCE050A63557A6DFC5142560 /* Pods */ = {
			isa = PBXGroup;
			children = (
				1AD5A14D68A92261EDC8573D /* Pods-Tracker.debug.xcconfig */,
				230055F5665BC40CDF837798 /* Pods-Tracker.release.xcconfig */,
				87A64B06BF144094B6A0F81A /* Pods-TrackerTests.debug.xcconfig */,
				1AE1F9DB76E5556805524074 /* Pods-TrackerTests.release.xcconfig */,
			);
			path = Pods;
			sourceTree = "<group>";
		};
/* End PBXGroup section */

/* Begin PBXNativeTarget section */
		585574C92A42DD2200940633 /* Tracker */ = {
			isa = PBXNativeTarget;
			buildConfigurationList = 585574DE2A42DD2300940633 /* Build configuration list for PBXNativeTarget "Tracker" */;
			buildPhases = (
				AF1077BC5D6C11321DC5405B /* [CP] Check Pods Manifest.lock */,
				585574C62A42DD2200940633 /* Sources */,
				585574C72A42DD2200940633 /* Frameworks */,
				585574C82A42DD2200940633 /* Resources */,
			);
			buildRules = (
			);
			dependencies = (
			);
			name = Tracker;
			productName = Tracker;
			productReference = 585574CA2A42DD2200940633 /* Tracker.app */;
			productType = "com.apple.product-type.application";
		};
		58B885B02A8AE055005682F6 /* TrackerTests */ = {
			isa = PBXNativeTarget;
			buildConfigurationList = 58B885B72A8AE055005682F6 /* Build configuration list for PBXNativeTarget "TrackerTests" */;
			buildPhases = (
				7EA5F4D4869023AD6121F3A3 /* [CP] Check Pods Manifest.lock */,
				58B885AD2A8AE055005682F6 /* Sources */,
				58B885AE2A8AE055005682F6 /* Frameworks */,
				58B885AF2A8AE055005682F6 /* Resources */,
			);
			buildRules = (
			);
			dependencies = (
				58B885B62A8AE055005682F6 /* PBXTargetDependency */,
			);
			name = TrackerTests;
			packageProductDependencies = (
				58B885BB2A8AE083005682F6 /* SnapshotTesting */,
			);
			productName = TrackerTests;
			productReference = 58B885B12A8AE055005682F6 /* TrackerTests.xctest */;
			productType = "com.apple.product-type.bundle.unit-test";
		};
/* End PBXNativeTarget section */

/* Begin PBXProject section */
		585574C22A42DD2200940633 /* Project object */ = {
			isa = PBXProject;
			attributes = {
				BuildIndependentTargetsInParallel = 1;
				LastSwiftUpdateCheck = 1420;
				LastUpgradeCheck = 1420;
				TargetAttributes = {
					585574C92A42DD2200940633 = {
						CreatedOnToolsVersion = 14.2;
					};
					58B885B02A8AE055005682F6 = {
						CreatedOnToolsVersion = 14.2;
						TestTargetID = 585574C92A42DD2200940633;
					};
				};
			};
			buildConfigurationList = 585574C52A42DD2200940633 /* Build configuration list for PBXProject "Tracker" */;
			compatibilityVersion = "Xcode 14.0";
			developmentRegion = en;
			hasScannedForEncodings = 0;
			knownRegions = (
				en,
				Base,
				ru,
			);
			mainGroup = 585574C12A42DD2200940633;
			packageReferences = (
				58B885BA2A8AE083005682F6 /* XCRemoteSwiftPackageReference "swift-snapshot-testing" */,
			);
			productRefGroup = 585574CB2A42DD2200940633 /* Products */;
			projectDirPath = "";
			projectRoot = "";
			targets = (
				585574C92A42DD2200940633 /* Tracker */,
				58B885B02A8AE055005682F6 /* TrackerTests */,
			);
		};
/* End PBXProject section */

/* Begin PBXResourcesBuildPhase section */
		585574C82A42DD2200940633 /* Resources */ = {
			isa = PBXResourcesBuildPhase;
			buildActionMask = 2147483647;
			files = (
				585575C82A42E28F00940633 /* LaunchScreen.storyboard in Resources */,
				58B885A02A8AD9F0005682F6 /* InfoPlist.strings in Resources */,
				58ABC6F52A8A1C84005175BF /* Localizable.strings in Resources */,
				58B885A62A8ADAC4005682F6 /* Localizable.stringsdict in Resources */,
				585575C92A42E28F00940633 /* Assets.xcassets in Resources */,
			);
			runOnlyForDeploymentPostprocessing = 0;
		};
		58B885AF2A8AE055005682F6 /* Resources */ = {
			isa = PBXResourcesBuildPhase;
			buildActionMask = 2147483647;
			files = (
			);
			runOnlyForDeploymentPostprocessing = 0;
		};
/* End PBXResourcesBuildPhase section */

/* Begin PBXShellScriptBuildPhase section */
		7EA5F4D4869023AD6121F3A3 /* [CP] Check Pods Manifest.lock */ = {
			isa = PBXShellScriptBuildPhase;
			buildActionMask = 2147483647;
			files = (
			);
			inputFileListPaths = (
			);
			inputPaths = (
				"${PODS_PODFILE_DIR_PATH}/Podfile.lock",
				"${PODS_ROOT}/Manifest.lock",
			);
			name = "[CP] Check Pods Manifest.lock";
			outputFileListPaths = (
			);
			outputPaths = (
				"$(DERIVED_FILE_DIR)/Pods-TrackerTests-checkManifestLockResult.txt",
			);
			runOnlyForDeploymentPostprocessing = 0;
			shellPath = /bin/sh;
			shellScript = "diff \"${PODS_PODFILE_DIR_PATH}/Podfile.lock\" \"${PODS_ROOT}/Manifest.lock\" > /dev/null\nif [ $? != 0 ] ; then\n    # print error to STDERR\n    echo \"error: The sandbox is not in sync with the Podfile.lock. Run 'pod install' or update your CocoaPods installation.\" >&2\n    exit 1\nfi\n# This output is used by Xcode 'outputs' to avoid re-running this script phase.\necho \"SUCCESS\" > \"${SCRIPT_OUTPUT_FILE_0}\"\n";
			showEnvVarsInLog = 0;
		};
		AF1077BC5D6C11321DC5405B /* [CP] Check Pods Manifest.lock */ = {
			isa = PBXShellScriptBuildPhase;
			buildActionMask = 2147483647;
			files = (
			);
			inputFileListPaths = (
			);
			inputPaths = (
				"${PODS_PODFILE_DIR_PATH}/Podfile.lock",
				"${PODS_ROOT}/Manifest.lock",
			);
			name = "[CP] Check Pods Manifest.lock";
			outputFileListPaths = (
			);
			outputPaths = (
				"$(DERIVED_FILE_DIR)/Pods-Tracker-checkManifestLockResult.txt",
			);
			runOnlyForDeploymentPostprocessing = 0;
			shellPath = /bin/sh;
			shellScript = "diff \"${PODS_PODFILE_DIR_PATH}/Podfile.lock\" \"${PODS_ROOT}/Manifest.lock\" > /dev/null\nif [ $? != 0 ] ; then\n    # print error to STDERR\n    echo \"error: The sandbox is not in sync with the Podfile.lock. Run 'pod install' or update your CocoaPods installation.\" >&2\n    exit 1\nfi\n# This output is used by Xcode 'outputs' to avoid re-running this script phase.\necho \"SUCCESS\" > \"${SCRIPT_OUTPUT_FILE_0}\"\n";
			showEnvVarsInLog = 0;
		};
/* End PBXShellScriptBuildPhase section */

/* Begin PBXSourcesBuildPhase section */
		585574C62A42DD2200940633 /* Sources */ = {
			isa = PBXSourcesBuildPhase;
			buildActionMask = 2147483647;
			files = (
				585575AC2A42E28F00940633 /* CreateTrackerView.swift in Sources */,
				585575BD2A42E28F00940633 /* SceneDelegate.swift in Sources */,
				585575A32A42E28F00940633 /* StatisticsView.swift in Sources */,
				585575C22A42E28F00940633 /* UIFont+Extentions.swift in Sources */,
				585575A82A42E28F00940633 /* ScheduleAndCategoryCell.swift in Sources */,
				58ABC6FD2A8A562F005175BF /* EditTrackerView.swift in Sources */,
				585575B22A42E28F00940633 /* ChooseTrackerTypeView.swift in Sources */,
				585575A62A42E28F00940633 /* ChooseScheduleViewController.swift in Sources */,
				58E370482A7FE9A000C87019 /* OnboardingPageViewController.swift in Sources */,
				585575B32A42E28F00940633 /* ChooseTrackerTypeViewController.swift in Sources */,
				58ABC7012A8A9985005175BF /* StatisticsCell.swift in Sources */,
				5863C3432A85758F00F2DC6D /* CategoriesRouter.swift in Sources */,
				585575C52A42E28F00940633 /* HeaderReusableView.swift in Sources */,
				585575C32A42E28F00940633 /* Collection+Extention.swift in Sources */,
				582B104E2A7BDF250055D0DE /* ScheduleMarshalling.swift in Sources */,
				585575AB2A42E28F00940633 /* ScheduleAndCategoryTableViewModel.swift in Sources */,
				582B10432A7B97AE0055D0DE /* Model.xcdatamodeld in Sources */,
				582B104C2A7BDF130055D0DE /* UIColorMarshalling.swift in Sources */,
				585575B52A42E28F00940633 /* WeekDay.swift in Sources */,
				58ABC70B2A8ABAD6005175BF /* StatisticModel.swift in Sources */,
				585575B12A42E28F00940633 /* AddCategoryViewController.swift in Sources */,
				58ABC7122A8AC791005175BF /* FiltersCell.swift in Sources */,
				582B10472A7BC44E0055D0DE /* TrackerCategoryDataStore.swift in Sources */,
				585575BF2A42E28F00940633 /* UIColor+Extentions.swift in Sources */,
				585575B42A42E28F00940633 /* TrackerCategory.swift in Sources */,
				585575B62A42E28F00940633 /* Tracker.swift in Sources */,
				585575AF2A42E28F00940633 /* CategoriesCell.swift in Sources */,
				58ABC7102A8AC591005175BF /* FilterTrackersView.swift in Sources */,
				5806EC732A7CDBF9005C7129 /* TrackerCategoryCoreData.swift in Sources */,
				585575C42A42E28F00940633 /* PlugView.swift in Sources */,
				58B885992A8ACBCC005682F6 /* FIlterTypes.swift in Sources */,
				585575B82A42E28F00940633 /* TrackersViewController.swift in Sources */,
				585575BC2A42E28F00940633 /* AppDelegate.swift in Sources */,
				5863C33A2A84CDC000F2DC6D /* CategoriesVC.swift in Sources */,
				585575C02A42E28F00940633 /* UIView+Extensions.swift in Sources */,
				585575A52A42E28F00940633 /* ChooseScheduleView.swift in Sources */,
				585575A42A42E28F00940633 /* ScheduleCell.swift in Sources */,
				58F99D642A8AE583004E0261 /* AnalyticsService.swift in Sources */,
				585575B92A42E28F00940633 /* TrackerCell.swift in Sources */,
				585575B02A42E28F00940633 /* AddCategoryView.swift in Sources */,
				582B10452A7BC4420055D0DE /* TrackerDataStore.swift in Sources */,
				585575A92A42E28F00940633 /* ColorCollectionViewCell.swift in Sources */,
				585575BB2A42E28F00940633 /* TabBarController.swift in Sources */,
				585575B72A42E28F00940633 /* TrackerRecord.swift in Sources */,
				582B10492A7BC4590055D0DE /* TrackerRecordDataStore.swift in Sources */,
				5863C33C2A84CDCA00F2DC6D /* CategoriesViewModel.swift in Sources */,
				5863C33E2A84CDD200F2DC6D /* Observable.swift in Sources */,
				58E370412A7FB21700C87019 /* OnboardingViewController.swift in Sources */,
				582B103F2A7B8EEB0055D0DE /* PersistentContainterCreater.swift in Sources */,
				585575C72A42E28F00940633 /* String+Extention.swift in Sources */,
				585575AA2A42E28F00940633 /* CreateTrackerViewController.swift in Sources */,
				585575C12A42E28F00940633 /* Date+Extention.swift in Sources */,
				585575A72A42E28F00940633 /* EmojiCollectionViewCell.swift in Sources */,
				58ABC6FF2A8A5639005175BF /* EditTrackerViewController.swift in Sources */,
				582B10502A7C1E7E0055D0DE /* DataProvider.swift in Sources */,
				585575C62A42E28F00940633 /* TextFieldCustomView.swift in Sources */,
				58ABC70E2A8AC504005175BF /* FilterTrackersViewController.swift in Sources */,
				58BDF7DD2A7C5AB600590A6C /* TrackersDataService.swift in Sources */,
				585575A22A42E28F00940633 /* StatisticsViewController.swift in Sources */,
				5806EC722A7CDBF7005C7129 /* TrackerCoreData.swift in Sources */,
				5806EC742A7CDBFC005C7129 /* TrackerRecordCoreData.swift in Sources */,
			);
			runOnlyForDeploymentPostprocessing = 0;
		};
		58B885AD2A8AE055005682F6 /* Sources */ = {
			isa = PBXSourcesBuildPhase;
			buildActionMask = 2147483647;
			files = (
				58B885B42A8AE055005682F6 /* TrackerTests.swift in Sources */,
			);
			runOnlyForDeploymentPostprocessing = 0;
		};
/* End PBXSourcesBuildPhase section */

/* Begin PBXTargetDependency section */
		58B885B62A8AE055005682F6 /* PBXTargetDependency */ = {
			isa = PBXTargetDependency;
			target = 585574C92A42DD2200940633 /* Tracker */;
			targetProxy = 58B885B52A8AE055005682F6 /* PBXContainerItemProxy */;
		};
/* End PBXTargetDependency section */

/* Begin PBXVariantGroup section */
		58ABC6F72A8A1C84005175BF /* Localizable.strings */ = {
			isa = PBXVariantGroup;
			children = (
				58ABC6F62A8A1C84005175BF /* en */,
				58ABC6F82A8A1C93005175BF /* ru */,
			);
			name = Localizable.strings;
			sourceTree = "<group>";
		};
		58B885A22A8AD9F0005682F6 /* InfoPlist.strings */ = {
			isa = PBXVariantGroup;
			children = (
				58B885A12A8AD9F0005682F6 /* ru */,
				58B885A32A8ADA1E005682F6 /* en */,
			);
			name = InfoPlist.strings;
			sourceTree = "<group>";
		};
		58B885A82A8ADAC4005682F6 /* Localizable.stringsdict */ = {
			isa = PBXVariantGroup;
			children = (
				58B885A72A8ADAC4005682F6 /* ru */,
				58B885A92A8ADAC9005682F6 /* en */,
			);
			name = Localizable.stringsdict;
			sourceTree = "<group>";
		};
/* End PBXVariantGroup section */

/* Begin XCBuildConfiguration section */
		585574DC2A42DD2300940633 /* Debug */ = {
			isa = XCBuildConfiguration;
			buildSettings = {
				ALWAYS_SEARCH_USER_PATHS = NO;
				CLANG_ANALYZER_LOCALIZABILITY_NONLOCALIZED = YES;
				CLANG_ANALYZER_NONNULL = YES;
				CLANG_ANALYZER_NUMBER_OBJECT_CONVERSION = YES_AGGRESSIVE;
				CLANG_CXX_LANGUAGE_STANDARD = "gnu++20";
				CLANG_ENABLE_MODULES = YES;
				CLANG_ENABLE_OBJC_ARC = YES;
				CLANG_ENABLE_OBJC_WEAK = YES;
				CLANG_WARN_BLOCK_CAPTURE_AUTORELEASING = YES;
				CLANG_WARN_BOOL_CONVERSION = YES;
				CLANG_WARN_COMMA = YES;
				CLANG_WARN_CONSTANT_CONVERSION = YES;
				CLANG_WARN_DEPRECATED_OBJC_IMPLEMENTATIONS = YES;
				CLANG_WARN_DIRECT_OBJC_ISA_USAGE = YES_ERROR;
				CLANG_WARN_DOCUMENTATION_COMMENTS = YES;
				CLANG_WARN_EMPTY_BODY = YES;
				CLANG_WARN_ENUM_CONVERSION = YES;
				CLANG_WARN_INFINITE_RECURSION = YES;
				CLANG_WARN_INT_CONVERSION = YES;
				CLANG_WARN_NON_LITERAL_NULL_CONVERSION = YES;
				CLANG_WARN_OBJC_IMPLICIT_RETAIN_SELF = YES;
				CLANG_WARN_OBJC_LITERAL_CONVERSION = YES;
				CLANG_WARN_OBJC_ROOT_CLASS = YES_ERROR;
				CLANG_WARN_QUOTED_INCLUDE_IN_FRAMEWORK_HEADER = YES;
				CLANG_WARN_RANGE_LOOP_ANALYSIS = YES;
				CLANG_WARN_STRICT_PROTOTYPES = YES;
				CLANG_WARN_SUSPICIOUS_MOVE = YES;
				CLANG_WARN_UNGUARDED_AVAILABILITY = YES_AGGRESSIVE;
				CLANG_WARN_UNREACHABLE_CODE = YES;
				CLANG_WARN__DUPLICATE_METHOD_MATCH = YES;
				COPY_PHASE_STRIP = NO;
				DEBUG_INFORMATION_FORMAT = dwarf;
				ENABLE_STRICT_OBJC_MSGSEND = YES;
				ENABLE_TESTABILITY = YES;
				GCC_C_LANGUAGE_STANDARD = gnu11;
				GCC_DYNAMIC_NO_PIC = NO;
				GCC_NO_COMMON_BLOCKS = YES;
				GCC_OPTIMIZATION_LEVEL = 0;
				GCC_PREPROCESSOR_DEFINITIONS = (
					"DEBUG=1",
					"$(inherited)",
				);
				GCC_WARN_64_TO_32_BIT_CONVERSION = YES;
				GCC_WARN_ABOUT_RETURN_TYPE = YES_ERROR;
				GCC_WARN_UNDECLARED_SELECTOR = YES;
				GCC_WARN_UNINITIALIZED_AUTOS = YES_AGGRESSIVE;
				GCC_WARN_UNUSED_FUNCTION = YES;
				GCC_WARN_UNUSED_VARIABLE = YES;
				IPHONEOS_DEPLOYMENT_TARGET = 13.4;
				MTL_ENABLE_DEBUG_INFO = INCLUDE_SOURCE;
				MTL_FAST_MATH = YES;
				ONLY_ACTIVE_ARCH = YES;
				SDKROOT = iphoneos;
				SWIFT_ACTIVE_COMPILATION_CONDITIONS = DEBUG;
				SWIFT_OPTIMIZATION_LEVEL = "-Onone";
			};
			name = Debug;
		};
		585574DD2A42DD2300940633 /* Release */ = {
			isa = XCBuildConfiguration;
			buildSettings = {
				ALWAYS_SEARCH_USER_PATHS = NO;
				CLANG_ANALYZER_LOCALIZABILITY_NONLOCALIZED = YES;
				CLANG_ANALYZER_NONNULL = YES;
				CLANG_ANALYZER_NUMBER_OBJECT_CONVERSION = YES_AGGRESSIVE;
				CLANG_CXX_LANGUAGE_STANDARD = "gnu++20";
				CLANG_ENABLE_MODULES = YES;
				CLANG_ENABLE_OBJC_ARC = YES;
				CLANG_ENABLE_OBJC_WEAK = YES;
				CLANG_WARN_BLOCK_CAPTURE_AUTORELEASING = YES;
				CLANG_WARN_BOOL_CONVERSION = YES;
				CLANG_WARN_COMMA = YES;
				CLANG_WARN_CONSTANT_CONVERSION = YES;
				CLANG_WARN_DEPRECATED_OBJC_IMPLEMENTATIONS = YES;
				CLANG_WARN_DIRECT_OBJC_ISA_USAGE = YES_ERROR;
				CLANG_WARN_DOCUMENTATION_COMMENTS = YES;
				CLANG_WARN_EMPTY_BODY = YES;
				CLANG_WARN_ENUM_CONVERSION = YES;
				CLANG_WARN_INFINITE_RECURSION = YES;
				CLANG_WARN_INT_CONVERSION = YES;
				CLANG_WARN_NON_LITERAL_NULL_CONVERSION = YES;
				CLANG_WARN_OBJC_IMPLICIT_RETAIN_SELF = YES;
				CLANG_WARN_OBJC_LITERAL_CONVERSION = YES;
				CLANG_WARN_OBJC_ROOT_CLASS = YES_ERROR;
				CLANG_WARN_QUOTED_INCLUDE_IN_FRAMEWORK_HEADER = YES;
				CLANG_WARN_RANGE_LOOP_ANALYSIS = YES;
				CLANG_WARN_STRICT_PROTOTYPES = YES;
				CLANG_WARN_SUSPICIOUS_MOVE = YES;
				CLANG_WARN_UNGUARDED_AVAILABILITY = YES_AGGRESSIVE;
				CLANG_WARN_UNREACHABLE_CODE = YES;
				CLANG_WARN__DUPLICATE_METHOD_MATCH = YES;
				COPY_PHASE_STRIP = NO;
				DEBUG_INFORMATION_FORMAT = "dwarf-with-dsym";
				ENABLE_NS_ASSERTIONS = NO;
				ENABLE_STRICT_OBJC_MSGSEND = YES;
				GCC_C_LANGUAGE_STANDARD = gnu11;
				GCC_NO_COMMON_BLOCKS = YES;
				GCC_WARN_64_TO_32_BIT_CONVERSION = YES;
				GCC_WARN_ABOUT_RETURN_TYPE = YES_ERROR;
				GCC_WARN_UNDECLARED_SELECTOR = YES;
				GCC_WARN_UNINITIALIZED_AUTOS = YES_AGGRESSIVE;
				GCC_WARN_UNUSED_FUNCTION = YES;
				GCC_WARN_UNUSED_VARIABLE = YES;
				IPHONEOS_DEPLOYMENT_TARGET = 13.4;
				MTL_ENABLE_DEBUG_INFO = NO;
				MTL_FAST_MATH = YES;
				SDKROOT = iphoneos;
				SWIFT_COMPILATION_MODE = wholemodule;
				SWIFT_OPTIMIZATION_LEVEL = "-O";
				VALIDATE_PRODUCT = YES;
			};
			name = Release;
		};
		585574DF2A42DD2300940633 /* Debug */ = {
			isa = XCBuildConfiguration;
			baseConfigurationReference = 1AD5A14D68A92261EDC8573D /* Pods-Tracker.debug.xcconfig */;
			buildSettings = {
				ASSETCATALOG_COMPILER_APPICON_NAME = AppIcon;
				ASSETCATALOG_COMPILER_GLOBAL_ACCENT_COLOR_NAME = AccentColor;
				CODE_SIGN_STYLE = Automatic;
				CURRENT_PROJECT_VERSION = 1;
				GENERATE_INFOPLIST_FILE = YES;
				INFOPLIST_FILE = Tracker/Info.plist;
				INFOPLIST_KEY_UIApplicationSupportsIndirectInputEvents = YES;
				INFOPLIST_KEY_UILaunchStoryboardName = LaunchScreen;
				INFOPLIST_KEY_UISupportedInterfaceOrientations = UIInterfaceOrientationPortrait;
				INFOPLIST_KEY_UISupportedInterfaceOrientations_iPad = "UIInterfaceOrientationLandscapeLeft UIInterfaceOrientationLandscapeRight UIInterfaceOrientationPortrait UIInterfaceOrientationPortraitUpsideDown";
				IPHONEOS_DEPLOYMENT_TARGET = 13.4;
				LD_RUNPATH_SEARCH_PATHS = (
					"$(inherited)",
					"@executable_path/Frameworks",
				);
				MARKETING_VERSION = 1.0;
				PRODUCT_BUNDLE_IDENTIFIER = ru.ryan.development.Tracker;
				PRODUCT_NAME = "$(TARGET_NAME)";
				SUPPORTED_PLATFORMS = "iphoneos iphonesimulator";
				SUPPORTS_MACCATALYST = NO;
				SUPPORTS_MAC_DESIGNED_FOR_IPHONE_IPAD = NO;
				SWIFT_EMIT_LOC_STRINGS = YES;
				SWIFT_VERSION = 5.0;
				TARGETED_DEVICE_FAMILY = 1;
			};
			name = Debug;
		};
		585574E02A42DD2300940633 /* Release */ = {
			isa = XCBuildConfiguration;
			baseConfigurationReference = 230055F5665BC40CDF837798 /* Pods-Tracker.release.xcconfig */;
			buildSettings = {
				ASSETCATALOG_COMPILER_APPICON_NAME = AppIcon;
				ASSETCATALOG_COMPILER_GLOBAL_ACCENT_COLOR_NAME = AccentColor;
				CODE_SIGN_STYLE = Automatic;
				CURRENT_PROJECT_VERSION = 1;
				GENERATE_INFOPLIST_FILE = YES;
				INFOPLIST_FILE = Tracker/Info.plist;
				INFOPLIST_KEY_UIApplicationSupportsIndirectInputEvents = YES;
				INFOPLIST_KEY_UILaunchStoryboardName = LaunchScreen;
				INFOPLIST_KEY_UISupportedInterfaceOrientations = UIInterfaceOrientationPortrait;
				INFOPLIST_KEY_UISupportedInterfaceOrientations_iPad = "UIInterfaceOrientationLandscapeLeft UIInterfaceOrientationLandscapeRight UIInterfaceOrientationPortrait UIInterfaceOrientationPortraitUpsideDown";
				IPHONEOS_DEPLOYMENT_TARGET = 13.4;
				LD_RUNPATH_SEARCH_PATHS = (
					"$(inherited)",
					"@executable_path/Frameworks",
				);
				MARKETING_VERSION = 1.0;
				PRODUCT_BUNDLE_IDENTIFIER = ru.ryan.development.Tracker;
				PRODUCT_NAME = "$(TARGET_NAME)";
				SUPPORTED_PLATFORMS = "iphoneos iphonesimulator";
				SUPPORTS_MACCATALYST = NO;
				SUPPORTS_MAC_DESIGNED_FOR_IPHONE_IPAD = NO;
				SWIFT_EMIT_LOC_STRINGS = YES;
				SWIFT_VERSION = 5.0;
				TARGETED_DEVICE_FAMILY = 1;
			};
			name = Release;
		};
		58B885B82A8AE055005682F6 /* Debug */ = {
			isa = XCBuildConfiguration;
			baseConfigurationReference = 87A64B06BF144094B6A0F81A /* Pods-TrackerTests.debug.xcconfig */;
			buildSettings = {
				BUNDLE_LOADER = "$(TEST_HOST)";
				CODE_SIGN_STYLE = Automatic;
				CURRENT_PROJECT_VERSION = 1;
				GENERATE_INFOPLIST_FILE = YES;
				IPHONEOS_DEPLOYMENT_TARGET = 16.2;
				MARKETING_VERSION = 1.0;
				PRODUCT_BUNDLE_IDENTIFIER = ru.ryan.development.TrackerTests;
				PRODUCT_NAME = "$(TARGET_NAME)";
				SWIFT_EMIT_LOC_STRINGS = NO;
				SWIFT_VERSION = 5.0;
				TARGETED_DEVICE_FAMILY = "1,2";
				TEST_HOST = "$(BUILT_PRODUCTS_DIR)/Tracker.app/$(BUNDLE_EXECUTABLE_FOLDER_PATH)/Tracker";
			};
			name = Debug;
		};
		58B885B92A8AE055005682F6 /* Release */ = {
			isa = XCBuildConfiguration;
			baseConfigurationReference = 1AE1F9DB76E5556805524074 /* Pods-TrackerTests.release.xcconfig */;
			buildSettings = {
				BUNDLE_LOADER = "$(TEST_HOST)";
				CODE_SIGN_STYLE = Automatic;
				CURRENT_PROJECT_VERSION = 1;
				GENERATE_INFOPLIST_FILE = YES;
				IPHONEOS_DEPLOYMENT_TARGET = 16.2;
				MARKETING_VERSION = 1.0;
				PRODUCT_BUNDLE_IDENTIFIER = ru.ryan.development.TrackerTests;
				PRODUCT_NAME = "$(TARGET_NAME)";
				SWIFT_EMIT_LOC_STRINGS = NO;
				SWIFT_VERSION = 5.0;
				TARGETED_DEVICE_FAMILY = "1,2";
				TEST_HOST = "$(BUILT_PRODUCTS_DIR)/Tracker.app/$(BUNDLE_EXECUTABLE_FOLDER_PATH)/Tracker";
			};
			name = Release;
		};
/* End XCBuildConfiguration section */

/* Begin XCConfigurationList section */
		585574C52A42DD2200940633 /* Build configuration list for PBXProject "Tracker" */ = {
			isa = XCConfigurationList;
			buildConfigurations = (
				585574DC2A42DD2300940633 /* Debug */,
				585574DD2A42DD2300940633 /* Release */,
			);
			defaultConfigurationIsVisible = 0;
			defaultConfigurationName = Release;
		};
		585574DE2A42DD2300940633 /* Build configuration list for PBXNativeTarget "Tracker" */ = {
			isa = XCConfigurationList;
			buildConfigurations = (
				585574DF2A42DD2300940633 /* Debug */,
				585574E02A42DD2300940633 /* Release */,
			);
			defaultConfigurationIsVisible = 0;
			defaultConfigurationName = Release;
		};
		58B885B72A8AE055005682F6 /* Build configuration list for PBXNativeTarget "TrackerTests" */ = {
			isa = XCConfigurationList;
			buildConfigurations = (
				58B885B82A8AE055005682F6 /* Debug */,
				58B885B92A8AE055005682F6 /* Release */,
			);
			defaultConfigurationIsVisible = 0;
			defaultConfigurationName = Release;
		};
/* End XCConfigurationList section */

/* Begin XCRemoteSwiftPackageReference section */
		58B885BA2A8AE083005682F6 /* XCRemoteSwiftPackageReference "swift-snapshot-testing" */ = {
			isa = XCRemoteSwiftPackageReference;
			repositoryURL = "https://github.com/pointfreeco/swift-snapshot-testing";
			requirement = {
				kind = exactVersion;
				version = 1.9.0;
			};
		};
/* End XCRemoteSwiftPackageReference section */

/* Begin XCSwiftPackageProductDependency section */
		58B885BB2A8AE083005682F6 /* SnapshotTesting */ = {
			isa = XCSwiftPackageProductDependency;
			package = 58B885BA2A8AE083005682F6 /* XCRemoteSwiftPackageReference "swift-snapshot-testing" */;
			productName = SnapshotTesting;
		};
/* End XCSwiftPackageProductDependency section */

/* Begin XCVersionGroup section */
		582B10412A7B97AE0055D0DE /* Model.xcdatamodeld */ = {
			isa = XCVersionGroup;
			children = (
				582B10422A7B97AE0055D0DE /* Model.xcdatamodel */,
			);
			currentVersion = 582B10422A7B97AE0055D0DE /* Model.xcdatamodel */;
			path = Model.xcdatamodeld;
			sourceTree = "<group>";
			versionGroupType = wrapper.xcdatamodel;
		};
/* End XCVersionGroup section */
	};
	rootObject = 585574C22A42DD2200940633 /* Project object */;
}
